
Microsoft Visual Studio Solution File, Format Version 12.00
# Visual Studio Version 16
VisualStudioVersion = 16.0.29920.165
MinimumVisualStudioVersion = 10.0.40219.1
Project("{9A19103F-16F7-4668-BE54-9A1E7A4F7556}") = "Entities", "Entities\Entities.csproj", "{F89CB2C0-1ABD-4B5C-8F61-6B7004FD4817}"
EndProject
Project("{9A19103F-16F7-4668-BE54-9A1E7A4F7556}") = "DataAccess", "DataAccess\DataAccess.csproj", "{B9335725-F731-403D-B078-538CCA33D5C1}"
EndProject
Project("{9A19103F-16F7-4668-BE54-9A1E7A4F7556}") = "Business", "Business\Business.csproj", "{2474E49F-9B85-42F6-95E0-909E9106BF94}"
EndProject
Project("{9A19103F-16F7-4668-BE54-9A1E7A4F7556}") = "ConsoleUI", "ConsoleUI\ConsoleUI.csproj", "{0C8F4399-F20E-4BB1-9ABF-DE2BA8E3A9F1}"
EndProject
Project("{FAE04EC0-301F-11D3-BF4B-00C04F79EFBC}") = "Core", "Core\Core.csproj", "{A84FA313-47BF-46E1-900F-85E8366492B2}"
EndProject
Global
	GlobalSection(SolutionConfigurationPlatforms) = preSolution
		Debug|Any CPU = Debug|Any CPU
		Release|Any CPU = Release|Any CPU
	EndGlobalSection
	GlobalSection(ProjectConfigurationPlatforms) = postSolution
		{F89CB2C0-1ABD-4B5C-8F61-6B7004FD4817}.Debug|Any CPU.ActiveCfg = Debug|Any CPU
		{F89CB2C0-1ABD-4B5C-8F61-6B7004FD4817}.Debug|Any CPU.Build.0 = Debug|Any CPU
		{F89CB2C0-1ABD-4B5C-8F61-6B7004FD4817}.Release|Any CPU.ActiveCfg = Release|Any CPU
		{F89CB2C0-1ABD-4B5C-8F61-6B7004FD4817}.Release|Any CPU.Build.0 = Release|Any CPU
		{B9335725-F731-403D-B078-538CCA33D5C1}.Debug|Any CPU.ActiveCfg = Debug|Any CPU
		{B9335725-F731-403D-B078-538CCA33D5C1}.Debug|Any CPU.Build.0 = Debug|Any CPU
		{B9335725-F731-403D-B078-538CCA33D5C1}.Release|Any CPU.ActiveCfg = Release|Any CPU
		{B9335725-F731-403D-B078-538CCA33D5C1}.Release|Any CPU.Build.0 = Release|Any CPU
		{2474E49F-9B85-42F6-95E0-909E9106BF94}.Debug|Any CPU.ActiveCfg = Debug|Any CPU
		{2474E49F-9B85-42F6-95E0-909E9106BF94}.Debug|Any CPU.Build.0 = Debug|Any CPU
		{2474E49F-9B85-42F6-95E0-909E9106BF94}.Release|Any CPU.ActiveCfg = Release|Any CPU
		{2474E49F-9B85-42F6-95E0-909E9106BF94}.Release|Any CPU.Build.0 = Release|Any CPU
		{0C8F4399-F20E-4BB1-9ABF-DE2BA8E3A9F1}.Debug|Any CPU.ActiveCfg = Debug|Any CPU
		{0C8F4399-F20E-4BB1-9ABF-DE2BA8E3A9F1}.Debug|Any CPU.Build.0 = Debug|Any CPU
		{0C8F4399-F20E-4BB1-9ABF-DE2BA8E3A9F1}.Release|Any CPU.ActiveCfg = Release|Any CPU
		{0C8F4399-F20E-4BB1-9ABF-DE2BA8E3A9F1}.Release|Any CPU.Build.0 = Release|Any CPU
		{A84FA313-47BF-46E1-900F-85E8366492B2}.Debug|Any CPU.ActiveCfg = Debug|Any CPU
		{A84FA313-47BF-46E1-900F-85E8366492B2}.Debug|Any CPU.Build.0 = Debug|Any CPU
		{A84FA313-47BF-46E1-900F-85E8366492B2}.Release|Any CPU.ActiveCfg = Release|Any CPU
		{A84FA313-47BF-46E1-900F-85E8366492B2}.Release|Any CPU.Build.0 = Release|Any CPU
	EndGlobalSection
	GlobalSection(SolutionProperties) = preSolution
		HideSolutionNode = FALSE
	EndGlobalSection
	GlobalSection(ExtensibilityGlobals) = postSolution
		SolutionGuid = {6B1645C8-063B-46C1-8DBD-DCCC76910B75}
	EndGlobalSection
EndGlobal
